{
  "name": "akka-cqrs-activator-ui",
  "version": "1.0.0",
  "lockfileVersion": 1,
  "requires": true,
  "dependencies": {
    "@interactjs/actions": {
      "version": "1.8.5",
      "resolved": "https://registry.npmjs.org/@interactjs/actions/-/actions-1.8.5.tgz",
      "integrity": "sha512-/dBS+7ivQbisCo35R5KW2Ky3S6TgIr4qtCyB1nYWewt6NyEDtW3XzFkUf1Zru/Yo4/iNRhuTrVKHWKn5lURjYQ==",
      "optional": true
    },
    "@interactjs/auto-scroll": {
      "version": "1.8.5",
      "resolved": "https://registry.npmjs.org/@interactjs/auto-scroll/-/auto-scroll-1.8.5.tgz",
      "integrity": "sha512-yOdvbvBzg9Lb0LmfGyDI/uVgJDZOr9mAa6ofCXMUGPqcxI28/Of9EBTDuwM4Oiy4fHjHouA/72ktlRNoNLLvAw==",
      "optional": true
    },
    "@interactjs/auto-start": {
      "version": "1.8.5",
      "resolved": "https://registry.npmjs.org/@interactjs/auto-start/-/auto-start-1.8.5.tgz",
      "integrity": "sha512-jfVWhvAZkmTtdSy6rdNECIi31jXViE0zPUor51fgEngiQjnmGVQ+wFW8JGYqAhLvFIlzEs7nkboZ9CTBqBQrVQ==",
      "optional": true
    },
    "@interactjs/core": {
      "version": "1.8.5",
      "resolved": "https://registry.npmjs.org/@interactjs/core/-/core-1.8.5.tgz",
      "integrity": "sha512-eWFpfN3zHCZojBLmMsomdGgRXhCzvvwR7Zhg4taCKeBG7Un8lf7JJvvJvPEBqd6dnWZ2TG4Ryac2EnLk9L4F4g==",
      "optional": true
    },
    "@interactjs/dev-tools": {
      "version": "1.8.5",
      "resolved": "https://registry.npmjs.org/@interactjs/dev-tools/-/dev-tools-1.8.5.tgz",
      "integrity": "sha512-HwkLHVcLGDtVd5euzeoS2NPhmwmTrFQOef29dPbf/EIKy9BHiCdhrJqSW4U8vz6Qv86zFF+9kQ/4QFmY2VWBHA==",
      "optional": true,
      "requires": {
        "@interactjs/utils": "1.8.5"
      }
    },
    "@interactjs/inertia": {
      "version": "1.8.5",
      "resolved": "https://registry.npmjs.org/@interactjs/inertia/-/inertia-1.8.5.tgz",
      "integrity": "sha512-zvkysaFdrl9WnguZMOdFyl0p8D64RvhvvZyb5uh9bOh34K6A8EWBXnehVdLwMpLe4dFNK6I5y8+hTIRY/UgikQ==",
      "optional": true
    },
    "@interactjs/interact": {
      "version": "1.8.5",
      "resolved": "https://registry.npmjs.org/@interactjs/interact/-/interact-1.8.5.tgz",
      "integrity": "sha512-mTCYcllKGWchbuMBBd++boItU9odINLQVeKAXuriX+UNiGfn+lFgTLwUaeyOLE8inXNULq2rlLsvOtSMSOt5UQ==",
      "optional": true
    },
    "@interactjs/interactjs": {
      "version": "1.8.5",
      "resolved": "https://registry.npmjs.org/@interactjs/interactjs/-/interactjs-1.8.5.tgz",
      "integrity": "sha512-Ns3pumi495MZekpCv/G9EvYjmKQuKgIT4JzUURB6RtU2FoTzROWAPoR0cZNyh7zdQxiDGKE+IPBvn08gzldtcw==",
      "optional": true,
      "requires": {
        "@interactjs/types": "1.8.5"
      }
    },
    "@interactjs/modifiers": {
      "version": "1.8.5",
      "resolved": "https://registry.npmjs.org/@interactjs/modifiers/-/modifiers-1.8.5.tgz",
      "integrity": "sha512-GqwOLwzATT7VBY6VS8jQ2l86JVIZDGdaCzm0X+UvTC/La/uPeTYbC2Bdm7ScpDL1j1EVypDne6i/TYvzPNS+5Q==",
      "optional": true
    },
    "@interactjs/pointer-events": {
      "version": "1.8.5",
      "resolved": "https://registry.npmjs.org/@interactjs/pointer-events/-/pointer-events-1.8.5.tgz",
      "integrity": "sha512-NpaD5+vf8iIzViG8Efag5rDZtTthIPgKthczeWHrl8F91kKZq5os8FoASOJtWo79TYMO6lMtpBz7jCEcI9M8Cg==",
      "optional": true
    },
    "@interactjs/reflow": {
      "version": "1.8.5",
      "resolved": "https://registry.npmjs.org/@interactjs/reflow/-/reflow-1.8.5.tgz",
      "integrity": "sha512-9x2UEGXWuHHUmEYPtWEk8/WC8wpgMYv86Z0hTfb2ReP0vRRK74zGGX5aha74cUlPq1c+5TpM/lDDcBugr17aDg==",
      "optional": true
    },
    "@interactjs/types": {
      "version": "1.8.5",
      "resolved": "https://registry.npmjs.org/@interactjs/types/-/types-1.8.5.tgz",
      "integrity": "sha512-7O4HntsLt6dDnL2JOuR7F7MbPVSSg2px1EC2YxRJVVni2KSV7WjQX4YwkcO3nsRj0e2S1q3Gp90wyuJMQ2vHqA==",
      "optional": true,
      "requires": {
        "@interactjs/actions": "1.8.5",
        "@interactjs/auto-scroll": "1.8.5",
        "@interactjs/auto-start": "1.8.5",
        "@interactjs/core": "1.8.5",
        "@interactjs/dev-tools": "1.8.5",
        "@interactjs/inertia": "1.8.5",
        "@interactjs/interact": "1.8.5",
        "@interactjs/modifiers": "1.8.5",
        "@interactjs/pointer-events": "1.8.5",
        "@interactjs/reflow": "1.8.5",
        "@interactjs/utils": "1.8.5"
      }
    },
    "@interactjs/utils": {
      "version": "1.8.5",
      "resolved": "https://registry.npmjs.org/@interactjs/utils/-/utils-1.8.5.tgz",
      "integrity": "sha512-3m3jJj6IatoxMT7VXrdj+PEn4Cgv+nhQemm1Y3Vr+ybsTLuj7XzI4EJoHTkjGX265rziYLO2toVyK8zysDa1gQ==",
      "optional": true
    },
    "angular": {
      "version": "1.7.9",
      "resolved": "https://registry.npmjs.org/angular/-/angular-1.7.9.tgz",
      "integrity": "sha512-5se7ZpcOtu0MBFlzGv5dsM1quQDoDeUTwZrWjGtTNA7O88cD8TEk5IEKCTDa3uECV9XnvKREVUr7du1ACiWGFQ=="
    },
    "angular-animate": {
      "version": "1.7.9",
      "resolved": "https://registry.npmjs.org/angular-animate/-/angular-animate-1.7.9.tgz",
      "integrity": "sha512-fV+AISy/HTzurQH2ngsJg+lLIvfu0ahc1h4AYKauaXVw97rZc2k4iUA1bMstiEyClsdayQX568kjQc1NK+oYhw=="
    },
    "angular-bootstrap-calendar": {
      "version": "0.27.5",
      "resolved": "https://registry.npmjs.org/angular-bootstrap-calendar/-/angular-bootstrap-calendar-0.27.5.tgz",
      "integrity": "sha1-X/SSc/NffnSVn6zLtuVtwnFRidY=",
      "requires": {
        "angular-touch": ">=1.3.0",
        "angular-ui-bootstrap": ">=0.14.0",
        "interactjs": "^1.2.0"
      }
    },
    "angular-moment": {
      "version": "1.3.0",
      "resolved": "https://registry.npmjs.org/angular-moment/-/angular-moment-1.3.0.tgz",
      "integrity": "sha512-KG8rvO9MoaBLwtGnxTeUveSyNtrL+RNgGl1zqWN36+HDCCVGk2DGWOzqKWB6o+eTTbO3Opn4hupWKIElc8XETA==",
      "requires": {
        "moment": ">=2.8.0 <3.0.0"
      }
    },
    "angular-route": {
      "version": "1.7.9",
      "resolved": "https://registry.npmjs.org/angular-route/-/angular-route-1.7.9.tgz",
      "integrity": "sha512-vRoj5hzdQtWbODhWJqDzD1iNOEfCKshO6GFBuPVV7RHlPjzIc4R2dHCc7Qiv/8F3LDxJDohc6vSnTDMLHuaqeA=="
    },
    "angular-touch": {
      "version": "1.7.9",
      "resolved": "https://registry.npmjs.org/angular-touch/-/angular-touch-1.7.9.tgz",
      "integrity": "sha512-qNKWUnecfah4mZxG7GM96AemhXyOVcE03kg3SrWExfmyO/hQNPE50Qqyszb+1UE8GO7WiWOYn1Y5wn9CtOInqA==",
      "optional": true
    },
    "angular-ui-bootstrap": {
      "version": "2.5.6",
      "resolved": "https://registry.npmjs.org/angular-ui-bootstrap/-/angular-ui-bootstrap-2.5.6.tgz",
      "integrity": "sha512-yzcHpPMLQl0232nDzm5P4iAFTFQ9dMw0QgFLuKYbDj9M0xJ62z0oudYD/Lvh1pWfRsukiytP4Xj6BHOSrSXP8A==",
      "optional": true
    },
    "bootstrap": {
      "version": "3.4.1",
      "resolved": "https://registry.npmjs.org/bootstrap/-/bootstrap-3.4.1.tgz",
      "integrity": "sha512-yN5oZVmRCwe5aKwzRj6736nSmKDX7pLYwsXiCj/EYmo16hODaBiT4En5btW/jhBF/seV+XMx3aYwukYC3A49DA=="
    },
    "interactjs": {
      "version": "1.8.5",
      "resolved": "https://registry.npmjs.org/interactjs/-/interactjs-1.8.5.tgz",
      "integrity": "sha512-wCg761eIvueTN3JFhEZaq3c8hLt7CYY6kBPMclBgykIHwuh45l3C5aVM6JfhxH7a3yKmTn2vlKM/1DqlfhBZ0Q==",
      "optional": true,
      "requires": {
        "@interactjs/interactjs": "1.8.5",
        "@interactjs/types": "1.8.5"
      }
    },
    "jquery": {
      "version": "3.4.1",
      "resolved": "https://registry.npmjs.org/jquery/-/jquery-3.4.1.tgz",
      "integrity": "sha512-36+AdBzCL+y6qjw5Tx7HgzeGCzC81MDDgaUP8ld2zhx58HdqXGoBd+tHdrBMiyjGQs0Hxs/MLZTu/eHNJJuWPw=="
    },
    "moment": {
      "version": "2.24.0",
      "resolved": "https://registry.npmjs.org/moment/-/moment-2.24.0.tgz",
      "integrity": "sha512-bV7f+6l2QigeBBZSM/6yTNq4P2fNpSWj/0e7jQcy87A8e7o2nAfP/34/2ky5Vw4B9S446EtIhodAzkFCcR4dQg=="
    },
    "ng-lodash": {
      "version": "0.2.3",
      "resolved": "https://registry.npmjs.org/ng-lodash/-/ng-lodash-0.2.3.tgz",
      "integrity": "sha1-VBvfpnnr0XdI8nKBMEuB2HPsLzE="
    }
  }
}
